
Microsoft Visual Studio Solution File, Format Version 12.00
# Visual Studio Version 17
VisualStudioVersion = 17.14.37411.7 d17.14
MinimumVisualStudioVersion = 10.0.40219.1
Project("{FAE04EC0-301F-11D3-BF4B-00C04F79EFBC}") = "ProjectCore.Web", "ProjectCore.Web\ProjectCore.Web.csproj", "{0A240F54-602E-4126-A8E1-944F886A2C1F}"
EndProject
Project("{FAE04EC0-301F-11D3-BF4B-00C04F79EFBC}") = "ProjectCore.DAL", "ProjectCore.DAL\ProjectCore.DAL.csproj", "{9C0E4385-895B-410A-81BC-0FF37B017B05}"
EndProject
Project("{FAE04EC0-301F-11D3-BF4B-00C04F79EFBC}") = "ProjectCore.Util", "ProjectCore.Util\ProjectCore.Util.csproj", "{EFADE92F-2B94-41CC-B673-D7783F265CD4}"
EndProject
Global
	GlobalSection(SolutionConfigurationPlatforms) = preSolution
		Debug|Any CPU = Debug|Any CPU
		Release|Any CPU = Release|Any CPU
	EndGlobalSection
	GlobalSection(ProjectConfigurationPlatforms) = postSolution
		{0A240F54-602E-4126-A8E1-944F886A2C1F}.Debug|Any CPU.ActiveCfg = Debug|Any CPU
		{0A240F54-602E-4126-A8E1-944F886A2C1F}.Debug|Any CPU.Build.0 = Debug|Any CPU
		{0A240F54-602E-4126-A8E1-944F886A2C1F}.Release|Any CPU.ActiveCfg = Release|Any CPU
		{0A240F54-602E-4126-A8E1-944F886A2C1F}.Release|Any CPU.Build.0 = Release|Any CPU
		{9C0E4385-895B-410A-81BC-0FF37B017B05}.Debug|Any CPU.ActiveCfg = Debug|Any CPU
		{9C0E4385-895B-410A-81BC-0FF37B017B05}.Debug|Any CPU.Build.0 = Debug|Any CPU
		{9C0E4385-895B-410A-81BC-0FF37B017B05}.Release|Any CPU.ActiveCfg = Release|Any CPU
		{9C0E4385-895B-410A-81BC-0FF37B017B05}.Release|Any CPU.Build.0 = Release|Any CPU
		{EFADE92F-2B94-41CC-B673-D7783F265CD4}.Debug|Any CPU.ActiveCfg = Debug|Any CPU
		{EFADE92F-2B94-41CC-B673-D7783F265CD4}.Debug|Any CPU.Build.0 = Debug|Any CPU
		{EFADE92F-2B94-41CC-B673-D7783F265CD4}.Release|Any CPU.ActiveCfg = Release|Any CPU
		{EFADE92F-2B94-41CC-B673-D7783F265CD4}.Release|Any CPU.Build.0 = Release|Any CPU
	EndGlobalSection
	GlobalSection(SolutionProperties) = preSolution
		HideSolutionNode = FALSE
	EndGlobalSection
	GlobalSection(ExtensibilityGlobals) = postSolution
		SolutionGuid = {B12CE11A-ACC4-4D8D-8B09-E9AA6ABB6D97}
	EndGlobalSection
EndGlobal
